
Microsoft Visual Studio Solution File, Format Version 12.00
# Visual Studio Version 16
VisualStudioVersion = 16.0.32510.428
MinimumVisualStudioVersion = 10.0.40219.1
Project("{FAE04EC0-301F-11D3-BF4B-00C04F79EFBC}") = "WPF telegram (beginner)", "WPF telegram (beginner)\WPF telegram (beginner).csproj", "{9183DCD9-2FA6-48C1-AC46-4797E523245C}"
EndProject
Global
	GlobalSection(SolutionConfigurationPlatforms) = preSolution
		Debug|Any CPU = Debug|Any CPU
		Release|Any CPU = Release|Any CPU
	EndGlobalSection
	GlobalSection(ProjectConfigurationPlatforms) = postSolution
		{9183DCD9-2FA6-48C1-AC46-4797E523245C}.Debug|Any CPU.ActiveCfg = Debug|Any CPU
		{9183DCD9-2FA6-48C1-AC46-4797E523245C}.Debug|Any CPU.Build.0 = Debug|Any CPU
		{9183DCD9-2FA6-48C1-AC46-4797E523245C}.Release|Any CPU.ActiveCfg = Release|Any CPU
		{9183DCD9-2FA6-48C1-AC46-4797E523245C}.Release|Any CPU.Build.0 = Release|Any CPU
	EndGlobalSection
	GlobalSection(SolutionProperties) = preSolution
		HideSolutionNode = FALSE
	EndGlobalSection
	GlobalSection(ExtensibilityGlobals) = postSolution
		SolutionGuid = {AB2C2921-DF9B-4DF6-A2E1-F04D7F8365A4}
	EndGlobalSection
EndGlobal
